<?xml version="1.0" encoding="utf-8"?>
<Project ToolsVersion="4.0" xmlns="http://schemas.microsoft.com/developer/msbuild/2003">
  <ItemGroup>
    <Filter Include="Source Files">
      <UniqueIdentifier>{4FC737F1-C7A5-4376-A066-2A32D752A2FF}</UniqueIdentifier>
      <Extensions>qml;cpp;c;cc;cxx;def;odl;idl;hpj;bat;asm;asmx</Extensions>
    </Filter>
    <Filter Include="Header Files">
      <UniqueIdentifier>{93995380-89BD-4b04-88EB-625FBE52EBFB}</UniqueIdentifier>
      <Extensions>h;hh;hpp;hxx;hm;inl;inc;xsd</Extensions>
    </Filter>
    <Filter Include="Resource Files">
      <UniqueIdentifier>{67DA6AB6-F800-4c08-8B7A-83BB121AAD01}</UniqueIdentifier>
      <Extensions>qrc;rc;ico;cur;bmp;dlg;rc2;rct;bin;rgs;gif;jpg;jpeg;jpe;resx;tiff;tif;png;wav;mfcribbon-ms</Extensions>
    </Filter>
    <Filter Include="Form Files">
      <UniqueIdentifier>{99349809-55BA-4b9d-BF79-8FDBB0286EB3}</UniqueIdentifier>
      <Extensions>ui</Extensions>
    </Filter>
    <Filter Include="Translation Files">
      <UniqueIdentifier>{639EADAA-A684-42e4-A9AD-28FC9BCB8F7C}</UniqueIdentifier>
      <Extensions>ts</Extensions>
    </Filter>
    <Filter Include="Form Files\Layout">
      <UniqueIdentifier>{34c77500-32a3-4f9e-b52a-c026e5567b71}</UniqueIdentifier>
    </Filter>
    <Filter Include="Source Files\Layout">
      <UniqueIdentifier>{6100c0ed-77bb-4674-b3d5-07f68ac9c5f1}</UniqueIdentifier>
    </Filter>
    <Filter Include="Header Files\Layout">
      <UniqueIdentifier>{7655e92b-37d0-4ab4-bd39-3599cc8d709d}</UniqueIdentifier>
    </Filter>
    <Filter Include="Form Files\Widget">
      <UniqueIdentifier>{597703c9-22a4-4876-8658-6ab6c5ae776c}</UniqueIdentifier>
    </Filter>
    <Filter Include="Header Files\Widget">
      <UniqueIdentifier>{99974f1d-6a12-4e76-9dc5-129907d316cc}</UniqueIdentifier>
    </Filter>
    <Filter Include="Source Files\Widget">
      <UniqueIdentifier>{1b800eee-e758-4925-8d42-cf4f0fbe6ea4}</UniqueIdentifier>
    </Filter>
  </ItemGroup>
  <ItemGroup>
    <QtRcc Include="DesignerSimpleSample.qrc">
      <Filter>Resource Files</Filter>
    </QtRcc>
    <QtUic Include="FontConversion.ui">
      <Filter>Form Files</Filter>
    </QtUic>
    <QtMoc Include="FontConversion.h">
      <Filter>Header Files</Filter>
    </QtMoc>
    <ClCompile Include="FontConversion.cpp">
      <Filter>Source Files</Filter>
    </ClCompile>
  </ItemGroup>
  <ItemGroup>
    <ClCompile Include="main.cpp">
      <Filter>Source Files</Filter>
    </ClCompile>
    <ClCompile Include="AMyWidget.cpp">
      <Filter>Source Files</Filter>
    </ClCompile>
    <ClCompile Include="CustomToolbars.cpp">
      <Filter>Source Files</Filter>
    </ClCompile>
    <ClCompile Include="Layout\QSplitterTest.cpp">
      <Filter>Source Files\Layout</Filter>
    </ClCompile>
    <ClCompile Include="Widget\QTableViewTest.cpp">
      <Filter>Source Files\Widget</Filter>
    </ClCompile>
    <ClCompile Include="Layout\QSizePolicyTest.cpp">
      <Filter>Source Files\Layout</Filter>
    </ClCompile>
  </ItemGroup>
  <ItemGroup>
    <QtMoc Include="AMyWidget.h">
      <Filter>Header Files</Filter>
    </QtMoc>
    <QtMoc Include="CustomToolbars.h">
      <Filter>Header Files</Filter>
    </QtMoc>
    <QtMoc Include="Layout\QSplitterTest.h">
      <Filter>Header Files\Layout</Filter>
    </QtMoc>
    <QtMoc Include="Widget\QTableViewTest.h">
      <Filter>Header Files\Widget</Filter>
    </QtMoc>
    <QtMoc Include="Layout\QSizePolicyTest.h">
      <Filter>Header Files\Layout</Filter>
    </QtMoc>
  </ItemGroup>
  <ItemGroup>
    <QtUic Include="AMyWidget.ui">
      <Filter>Form Files</Filter>
    </QtUic>
    <QtUic Include="CustomToolbars.ui">
      <Filter>Form Files</Filter>
    </QtUic>
    <QtUic Include="Layout\QSplitterTest.ui">
      <Filter>Form Files\Layout</Filter>
    </QtUic>
    <QtUic Include="Widget\QTableViewTest.ui">
      <Filter>Form Files\Widget</Filter>
    </QtUic>
    <QtUic Include="Layout\QSizePolicyTest.ui">
      <Filter>Form Files\Layout</Filter>
    </QtUic>
  </ItemGroup>
</Project>