<?xml version="1.0" encoding="utf-8"?>
<Project ToolsVersion="4.0" xmlns="http://schemas.microsoft.com/developer/msbuild/2003">
  <ItemGroup>
    <Filter Include="源文件">
      <UniqueIdentifier>{4FC737F1-C7A5-4376-A066-2A32D752A2FF}</UniqueIdentifier>
      <Extensions>cpp;c;cc;cxx;c++;cppm;ixx;def;odl;idl;hpj;bat;asm;asmx</Extensions>
    </Filter>
    <Filter Include="头文件">
      <UniqueIdentifier>{93995380-89BD-4b04-88EB-625FBE52EBFB}</UniqueIdentifier>
      <Extensions>h;hh;hpp;hxx;h++;hm;inl;inc;ipp;xsd</Extensions>
    </Filter>
    <Filter Include="资源文件">
      <UniqueIdentifier>{67DA6AB6-F800-4c08-8B7A-83BB121AAD01}</UniqueIdentifier>
      <Extensions>rc;ico;cur;bmp;dlg;rc2;rct;bin;rgs;gif;jpg;jpeg;jpe;resx;tiff;tif;png;wav;mfcribbon-ms</Extensions>
    </Filter>
    <Filter Include="资源文件\STL">
      <UniqueIdentifier>{f642c4c1-a895-424b-91a6-7ff61dd7db31}</UniqueIdentifier>
    </Filter>
    <Filter Include="资源文件\关键字">
      <UniqueIdentifier>{efe8b606-1095-4fa4-9c50-b7f8aa8bd8f6}</UniqueIdentifier>
    </Filter>
    <Filter Include="资源文件\实现原理">
      <UniqueIdentifier>{e7fe24d8-b1ae-4cd3-8d36-020be4aa2ee9}</UniqueIdentifier>
    </Filter>
  </ItemGroup>
  <ItemGroup>
    <ClCompile Include="..\..\Cpp进阶案例\Jx_000_进阶案例.cpp">
      <Filter>源文件</Filter>
    </ClCompile>
    <ClCompile Include="..\..\Cpp进阶案例\STL应用\Jx_001_vector.cpp">
      <Filter>资源文件\STL</Filter>
    </ClCompile>
    <ClCompile Include="..\..\Cpp进阶案例\STL应用\Jx_003_sort.cpp">
      <Filter>资源文件\STL</Filter>
    </ClCompile>
    <ClCompile Include="..\..\Cpp进阶案例\关键字\Jx_002_for.cpp">
      <Filter>资源文件\关键字</Filter>
    </ClCompile>
    <ClCompile Include="..\..\Cpp进阶案例\关键字\Jx_001_sizeof.cpp">
      <Filter>资源文件\关键字</Filter>
    </ClCompile>
    <ClCompile Include="..\..\Cpp进阶案例\STL应用\Jx_002_string.cpp">
      <Filter>资源文件\STL</Filter>
    </ClCompile>
    <ClCompile Include="..\..\Cpp进阶案例\实现原理\Jx_003_深浅拷贝.cpp">
      <Filter>资源文件\实现原理</Filter>
    </ClCompile>
    <ClCompile Include="..\..\Cpp进阶案例\实现原理\Jx_001_指针.cpp">
      <Filter>资源文件\实现原理</Filter>
    </ClCompile>
    <ClCompile Include="..\..\Cpp进阶案例\关键字\Jx_003_内置数据类型.cpp">
      <Filter>资源文件\关键字</Filter>
    </ClCompile>
    <ClCompile Include="..\..\Cpp进阶案例\Jx_global.cpp">
      <Filter>资源文件</Filter>
    </ClCompile>
    <ClCompile Include="..\..\Cpp进阶案例\实现原理\Jx_005_函数中的参数传递.cpp">
      <Filter>资源文件\实现原理</Filter>
    </ClCompile>
  </ItemGroup>
  <ItemGroup>
    <ClInclude Include="..\..\Cpp进阶案例\Jx_进阶案例.h">
      <Filter>头文件</Filter>
    </ClInclude>
  </ItemGroup>
</Project>