<?xml version="1.0" encoding="utf-8"?>
<Project ToolsVersion="4.0" xmlns="http://schemas.microsoft.com/developer/msbuild/2003">
  <ItemGroup>
    <Filter Include="源文件">
      <UniqueIdentifier>{4FC737F1-C7A5-4376-A066-2A32D752A2FF}</UniqueIdentifier>
      <Extensions>cpp;c;cc;cxx;c++;cppm;ixx;def;odl;idl;hpj;bat;asm;asmx</Extensions>
    </Filter>
    <Filter Include="头文件">
      <UniqueIdentifier>{93995380-89BD-4b04-88EB-625FBE52EBFB}</UniqueIdentifier>
      <Extensions>h;hh;hpp;hxx;h++;hm;inl;inc;ipp;xsd</Extensions>
    </Filter>
    <Filter Include="资源文件">
      <UniqueIdentifier>{67DA6AB6-F800-4c08-8B7A-83BB121AAD01}</UniqueIdentifier>
      <Extensions>rc;ico;cur;bmp;dlg;rc2;rct;bin;rgs;gif;jpg;jpeg;jpe;resx;tiff;tif;png;wav;mfcribbon-ms</Extensions>
    </Filter>
    <Filter Include="资源文件\STL应用">
      <UniqueIdentifier>{d84b791a-0cfd-40d8-87cb-200adfb2a0e0}</UniqueIdentifier>
    </Filter>
    <Filter Include="资源文件\实现原理">
      <UniqueIdentifier>{5829c59a-6b30-44f1-8951-781d275effed}</UniqueIdentifier>
    </Filter>
    <Filter Include="资源文件\关键字">
      <UniqueIdentifier>{440a6120-0859-47bc-afc3-d52cc3b59b48}</UniqueIdentifier>
    </Filter>
    <Filter Include="资源文件\实用操作">
      <UniqueIdentifier>{533fa16c-456c-4057-b4b6-e8426118c420}</UniqueIdentifier>
    </Filter>
  </ItemGroup>
  <ItemGroup>
    <ClCompile Include="..\Jx_000_进阶案例.cpp">
      <Filter>源文件</Filter>
    </ClCompile>
    <ClCompile Include="..\Jx_global.cpp">
      <Filter>源文件</Filter>
    </ClCompile>
    <ClCompile Include="..\STL应用\Jx_001_vector.cpp">
      <Filter>资源文件\STL应用</Filter>
    </ClCompile>
    <ClCompile Include="..\STL应用\Jx_002_string.cpp">
      <Filter>资源文件\STL应用</Filter>
    </ClCompile>
    <ClCompile Include="..\STL应用\Jx_003_sort.cpp">
      <Filter>资源文件\STL应用</Filter>
    </ClCompile>
    <ClCompile Include="..\实现原理\Jx_001_指针.cpp">
      <Filter>资源文件\实现原理</Filter>
    </ClCompile>
    <ClCompile Include="..\实现原理\Jx_002_运算符.cpp">
      <Filter>资源文件\实现原理</Filter>
    </ClCompile>
    <ClCompile Include="..\实现原理\Jx_003_深浅拷贝.cpp">
      <Filter>资源文件\实现原理</Filter>
    </ClCompile>
    <ClCompile Include="..\实现原理\Jx_004_变量类型.cpp">
      <Filter>资源文件\实现原理</Filter>
    </ClCompile>
    <ClCompile Include="..\关键字\Jx_001_sizeof.cpp">
      <Filter>资源文件\关键字</Filter>
    </ClCompile>
    <ClCompile Include="..\关键字\Jx_002_for.cpp">
      <Filter>资源文件\关键字</Filter>
    </ClCompile>
    <ClCompile Include="..\关键字\Jx_003_内置数据类型.cpp">
      <Filter>资源文件\关键字</Filter>
    </ClCompile>
    <ClCompile Include="..\关键字\Jx_004_struct.cpp">
      <Filter>资源文件\关键字</Filter>
    </ClCompile>
    <ClCompile Include="..\关键字\Jx_005_template.cpp">
      <Filter>资源文件\关键字</Filter>
    </ClCompile>
    <ClCompile Include="..\关键字\Jx_006_class.cpp">
      <Filter>资源文件\关键字</Filter>
    </ClCompile>
    <ClCompile Include="..\实用操作\Jx_001_IO操作.cpp">
      <Filter>资源文件\实用操作</Filter>
    </ClCompile>
    <ClCompile Include="..\关键字\Jx_007_rand.cpp">
      <Filter>资源文件\关键字</Filter>
    </ClCompile>
    <ClCompile Include="..\实现原理\Jx_005_函数参数.cpp">
      <Filter>资源文件\实现原理</Filter>
    </ClCompile>
  </ItemGroup>
  <ItemGroup>
    <ClInclude Include="..\Jx_进阶案例.h">
      <Filter>头文件</Filter>
    </ClInclude>
  </ItemGroup>
</Project>